
Microsoft Visual Studio Solution File, Format Version 12.00
# Visual Studio Version 17
VisualStudioVersion = 17.3.32922.545
MinimumVisualStudioVersion = 10.0.40219.1
Project("{FAE04EC0-301F-11D3-BF4B-00C04F79EFBC}") = "QuanLiLuanVan_ChinhThuc", "QuanLiLuanVan_ChinhThuc\QuanLiLuanVan_ChinhThuc.csproj", "{4C577DA1-B3A5-4684-A50F-CED620829F5F}"
EndProject
Global
	GlobalSection(SolutionConfigurationPlatforms) = preSolution
		Debug|Any CPU = Debug|Any CPU
		Release|Any CPU = Release|Any CPU
	EndGlobalSection
	GlobalSection(ProjectConfigurationPlatforms) = postSolution
		{4C577DA1-B3A5-4684-A50F-CED620829F5F}.Debug|Any CPU.ActiveCfg = Debug|Any CPU
		{4C577DA1-B3A5-4684-A50F-CED620829F5F}.Debug|Any CPU.Build.0 = Debug|Any CPU
		{4C577DA1-B3A5-4684-A50F-CED620829F5F}.Release|Any CPU.ActiveCfg = Release|Any CPU
		{4C577DA1-B3A5-4684-A50F-CED620829F5F}.Release|Any CPU.Build.0 = Release|Any CPU
	EndGlobalSection
	GlobalSection(SolutionProperties) = preSolution
		HideSolutionNode = FALSE
	EndGlobalSection
	GlobalSection(ExtensibilityGlobals) = postSolution
		SolutionGuid = {2ABF7FCA-3CD8-4255-B08B-C1CD13C49F56}
	EndGlobalSection
EndGlobal
